
Microsoft Visual Studio Solution File, Format Version 12.00
# Visual Studio Version 16
VisualStudioVersion = 16.0.30804.86
MinimumVisualStudioVersion = 10.0.40219.1
Project("{FAE04EC0-301F-11D3-BF4B-00C04F79EFBC}") = "ShoppingMall", "Ex1\ShoppingMall.csproj", "{68DD4318-1F0A-40B5-85D4-DEC8BC813559}"
EndProject
Global
	GlobalSection(SolutionConfigurationPlatforms) = preSolution
		Debug|Any CPU = Debug|Any CPU
		Release|Any CPU = Release|Any CPU
	EndGlobalSection
	GlobalSection(ProjectConfigurationPlatforms) = postSolution
		{68DD4318-1F0A-40B5-85D4-DEC8BC813559}.Debug|Any CPU.ActiveCfg = Debug|Any CPU
		{68DD4318-1F0A-40B5-85D4-DEC8BC813559}.Debug|Any CPU.Build.0 = Debug|Any CPU
		{68DD4318-1F0A-40B5-85D4-DEC8BC813559}.Release|Any CPU.ActiveCfg = Release|Any CPU
		{68DD4318-1F0A-40B5-85D4-DEC8BC813559}.Release|Any CPU.Build.0 = Release|Any CPU
	EndGlobalSection
	GlobalSection(SolutionProperties) = preSolution
		HideSolutionNode = FALSE
	EndGlobalSection
	GlobalSection(ExtensibilityGlobals) = postSolution
		SolutionGuid = {CA68D9A5-3679-43D4-BF23-41325FF53AF4}
	EndGlobalSection
EndGlobal
