
Microsoft Visual Studio Solution File, Format Version 12.00
# Visual Studio Version 16
VisualStudioVersion = 16.0.30804.86
MinimumVisualStudioVersion = 10.0.40219.1
Project("{FAE04EC0-301F-11D3-BF4B-00C04F79EFBC}") = "EFCore", "EFCore\EFCore.csproj", "{4D97BE34-7E58-4B19-8D80-9D2AC592548B}"
EndProject
Global
	GlobalSection(SolutionConfigurationPlatforms) = preSolution
		Debug|Any CPU = Debug|Any CPU
		Release|Any CPU = Release|Any CPU
	EndGlobalSection
	GlobalSection(ProjectConfigurationPlatforms) = postSolution
		{4D97BE34-7E58-4B19-8D80-9D2AC592548B}.Debug|Any CPU.ActiveCfg = Debug|Any CPU
		{4D97BE34-7E58-4B19-8D80-9D2AC592548B}.Debug|Any CPU.Build.0 = Debug|Any CPU
		{4D97BE34-7E58-4B19-8D80-9D2AC592548B}.Release|Any CPU.ActiveCfg = Release|Any CPU
		{4D97BE34-7E58-4B19-8D80-9D2AC592548B}.Release|Any CPU.Build.0 = Release|Any CPU
	EndGlobalSection
	GlobalSection(SolutionProperties) = preSolution
		HideSolutionNode = FALSE
	EndGlobalSection
	GlobalSection(ExtensibilityGlobals) = postSolution
		SolutionGuid = {B3F884D1-11CA-4C50-948F-32FE6B561F65}
	EndGlobalSection
EndGlobal
