
Microsoft Visual Studio Solution File, Format Version 12.00
# Visual Studio Version 16
VisualStudioVersion = 16.0.30804.86
MinimumVisualStudioVersion = 10.0.40219.1
Project("{FAE04EC0-301F-11D3-BF4B-00C04F79EFBC}") = "IMT", "IMT\IMT.csproj", "{A56C6A88-747B-4623-BAFF-694C272E8245}"
EndProject
Global
	GlobalSection(SolutionConfigurationPlatforms) = preSolution
		Debug|Any CPU = Debug|Any CPU
		Release|Any CPU = Release|Any CPU
	EndGlobalSection
	GlobalSection(ProjectConfigurationPlatforms) = postSolution
		{A56C6A88-747B-4623-BAFF-694C272E8245}.Debug|Any CPU.ActiveCfg = Debug|Any CPU
		{A56C6A88-747B-4623-BAFF-694C272E8245}.Debug|Any CPU.Build.0 = Debug|Any CPU
		{A56C6A88-747B-4623-BAFF-694C272E8245}.Release|Any CPU.ActiveCfg = Release|Any CPU
		{A56C6A88-747B-4623-BAFF-694C272E8245}.Release|Any CPU.Build.0 = Release|Any CPU
	EndGlobalSection
	GlobalSection(SolutionProperties) = preSolution
		HideSolutionNode = FALSE
	EndGlobalSection
	GlobalSection(ExtensibilityGlobals) = postSolution
		SolutionGuid = {E22D395F-B465-4F0E-BC58-1A09D427973D}
	EndGlobalSection
EndGlobal
