
Microsoft Visual Studio Solution File, Format Version 12.00
# Visual Studio Version 16
VisualStudioVersion = 16.0.30804.86
MinimumVisualStudioVersion = 10.0.40219.1
Project("{FAE04EC0-301F-11D3-BF4B-00C04F79EFBC}") = "Ex1", "Ex1\Ex1.csproj", "{6BB3F80C-3E64-4B0C-AACA-5F5FAD2D55CC}"
EndProject
Project("{FAE04EC0-301F-11D3-BF4B-00C04F79EFBC}") = "Ex2", "Ex2\Ex2.csproj", "{8533DCE1-1BEC-4AA7-8932-AB3898E6E37B}"
EndProject
Project("{FAE04EC0-301F-11D3-BF4B-00C04F79EFBC}") = "Ex3", "Ex3\Ex3.csproj", "{70914FFC-D4C6-42AA-A456-F1C8AFE91ADD}"
EndProject
Project("{FAE04EC0-301F-11D3-BF4B-00C04F79EFBC}") = "Ex4", "Ex4\Ex4.csproj", "{7FB8ECD5-D366-4640-A888-449173BDD34E}"
EndProject
Project("{FAE04EC0-301F-11D3-BF4B-00C04F79EFBC}") = "Ex5", "Ex5\Ex5.csproj", "{ABBCDF81-A971-41E1-8EAC-620A5890E892}"
EndProject
Project("{FAE04EC0-301F-11D3-BF4B-00C04F79EFBC}") = "Ex6", "Ex6\Ex6.csproj", "{A1166DFF-9978-4FFC-86E7-804A562181E5}"
EndProject
Project("{FAE04EC0-301F-11D3-BF4B-00C04F79EFBC}") = "Ex7", "Ex7\Ex7.csproj", "{84C48B77-5505-4744-891A-2C39056F4625}"
EndProject
Project("{FAE04EC0-301F-11D3-BF4B-00C04F79EFBC}") = "Ex9", "Ex9\Ex9.csproj", "{57226B66-2E48-494A-9173-47083F711213}"
EndProject
Project("{FAE04EC0-301F-11D3-BF4B-00C04F79EFBC}") = "Ex10", "Ex10\Ex10.csproj", "{91B0351C-E4D2-4932-9934-B6A8089D2206}"
EndProject
Project("{FAE04EC0-301F-11D3-BF4B-00C04F79EFBC}") = "Ex11", "Ex11\Ex11.csproj", "{03C49521-CD1A-47A1-ACA4-8EA1D56B0A85}"
EndProject
Project("{FAE04EC0-301F-11D3-BF4B-00C04F79EFBC}") = "Ex12", "Ex12\Ex12.csproj", "{A67F8DF7-E02F-42B0-B78C-DE8987B4B7E7}"
EndProject
Project("{FAE04EC0-301F-11D3-BF4B-00C04F79EFBC}") = "Ex13", "Ex13\Ex13.csproj", "{15C52622-9C4A-4B8B-B532-8F883F922D67}"
EndProject
Project("{FAE04EC0-301F-11D3-BF4B-00C04F79EFBC}") = "Ex14", "Ex14\Ex14.csproj", "{7015F5DB-161E-4EDE-BFB8-4297BB851176}"
EndProject
Project("{FAE04EC0-301F-11D3-BF4B-00C04F79EFBC}") = "Ex15", "Ex15\Ex15.csproj", "{9032E9EA-8715-44BB-8F36-C202D3E681B8}"
EndProject
Project("{FAE04EC0-301F-11D3-BF4B-00C04F79EFBC}") = "Ex16", "Ex16\Ex16.csproj", "{95AB7D37-7887-4BE6-944A-9C7496DDB1A9}"
EndProject
Project("{FAE04EC0-301F-11D3-BF4B-00C04F79EFBC}") = "Ex17", "Ex17\Ex17.csproj", "{9D406B88-F707-4463-AA6F-D0D0D8A9657D}"
EndProject
Project("{FAE04EC0-301F-11D3-BF4B-00C04F79EFBC}") = "Ex18", "Ex18\Ex18.csproj", "{540C17F8-5DAA-4F29-8CE2-EBED9C9D25AC}"
EndProject
Project("{FAE04EC0-301F-11D3-BF4B-00C04F79EFBC}") = "Ex19", "Ex19\Ex19.csproj", "{D4722464-757C-42DB-A0F5-555B33242C86}"
EndProject
Project("{FAE04EC0-301F-11D3-BF4B-00C04F79EFBC}") = "Ex20", "Ex20\Ex20.csproj", "{9AED2734-266B-41FD-B3F6-925F36D03F9B}"
EndProject
Global
	GlobalSection(SolutionConfigurationPlatforms) = preSolution
		Debug|Any CPU = Debug|Any CPU
		Release|Any CPU = Release|Any CPU
	EndGlobalSection
	GlobalSection(ProjectConfigurationPlatforms) = postSolution
		{6BB3F80C-3E64-4B0C-AACA-5F5FAD2D55CC}.Debug|Any CPU.ActiveCfg = Debug|Any CPU
		{6BB3F80C-3E64-4B0C-AACA-5F5FAD2D55CC}.Debug|Any CPU.Build.0 = Debug|Any CPU
		{6BB3F80C-3E64-4B0C-AACA-5F5FAD2D55CC}.Release|Any CPU.ActiveCfg = Release|Any CPU
		{6BB3F80C-3E64-4B0C-AACA-5F5FAD2D55CC}.Release|Any CPU.Build.0 = Release|Any CPU
		{8533DCE1-1BEC-4AA7-8932-AB3898E6E37B}.Debug|Any CPU.ActiveCfg = Debug|Any CPU
		{8533DCE1-1BEC-4AA7-8932-AB3898E6E37B}.Debug|Any CPU.Build.0 = Debug|Any CPU
		{8533DCE1-1BEC-4AA7-8932-AB3898E6E37B}.Release|Any CPU.ActiveCfg = Release|Any CPU
		{8533DCE1-1BEC-4AA7-8932-AB3898E6E37B}.Release|Any CPU.Build.0 = Release|Any CPU
		{70914FFC-D4C6-42AA-A456-F1C8AFE91ADD}.Debug|Any CPU.ActiveCfg = Debug|Any CPU
		{70914FFC-D4C6-42AA-A456-F1C8AFE91ADD}.Debug|Any CPU.Build.0 = Debug|Any CPU
		{70914FFC-D4C6-42AA-A456-F1C8AFE91ADD}.Release|Any CPU.ActiveCfg = Release|Any CPU
		{70914FFC-D4C6-42AA-A456-F1C8AFE91ADD}.Release|Any CPU.Build.0 = Release|Any CPU
		{7FB8ECD5-D366-4640-A888-449173BDD34E}.Debug|Any CPU.ActiveCfg = Debug|Any CPU
		{7FB8ECD5-D366-4640-A888-449173BDD34E}.Debug|Any CPU.Build.0 = Debug|Any CPU
		{7FB8ECD5-D366-4640-A888-449173BDD34E}.Release|Any CPU.ActiveCfg = Release|Any CPU
		{7FB8ECD5-D366-4640-A888-449173BDD34E}.Release|Any CPU.Build.0 = Release|Any CPU
		{ABBCDF81-A971-41E1-8EAC-620A5890E892}.Debug|Any CPU.ActiveCfg = Debug|Any CPU
		{ABBCDF81-A971-41E1-8EAC-620A5890E892}.Debug|Any CPU.Build.0 = Debug|Any CPU
		{ABBCDF81-A971-41E1-8EAC-620A5890E892}.Release|Any CPU.ActiveCfg = Release|Any CPU
		{ABBCDF81-A971-41E1-8EAC-620A5890E892}.Release|Any CPU.Build.0 = Release|Any CPU
		{A1166DFF-9978-4FFC-86E7-804A562181E5}.Debug|Any CPU.ActiveCfg = Debug|Any CPU
		{A1166DFF-9978-4FFC-86E7-804A562181E5}.Debug|Any CPU.Build.0 = Debug|Any CPU
		{A1166DFF-9978-4FFC-86E7-804A562181E5}.Release|Any CPU.ActiveCfg = Release|Any CPU
		{A1166DFF-9978-4FFC-86E7-804A562181E5}.Release|Any CPU.Build.0 = Release|Any CPU
		{84C48B77-5505-4744-891A-2C39056F4625}.Debug|Any CPU.ActiveCfg = Debug|Any CPU
		{84C48B77-5505-4744-891A-2C39056F4625}.Debug|Any CPU.Build.0 = Debug|Any CPU
		{84C48B77-5505-4744-891A-2C39056F4625}.Release|Any CPU.ActiveCfg = Release|Any CPU
		{84C48B77-5505-4744-891A-2C39056F4625}.Release|Any CPU.Build.0 = Release|Any CPU
		{57226B66-2E48-494A-9173-47083F711213}.Debug|Any CPU.ActiveCfg = Debug|Any CPU
		{57226B66-2E48-494A-9173-47083F711213}.Debug|Any CPU.Build.0 = Debug|Any CPU
		{57226B66-2E48-494A-9173-47083F711213}.Release|Any CPU.ActiveCfg = Release|Any CPU
		{57226B66-2E48-494A-9173-47083F711213}.Release|Any CPU.Build.0 = Release|Any CPU
		{91B0351C-E4D2-4932-9934-B6A8089D2206}.Debug|Any CPU.ActiveCfg = Debug|Any CPU
		{91B0351C-E4D2-4932-9934-B6A8089D2206}.Debug|Any CPU.Build.0 = Debug|Any CPU
		{91B0351C-E4D2-4932-9934-B6A8089D2206}.Release|Any CPU.ActiveCfg = Release|Any CPU
		{91B0351C-E4D2-4932-9934-B6A8089D2206}.Release|Any CPU.Build.0 = Release|Any CPU
		{03C49521-CD1A-47A1-ACA4-8EA1D56B0A85}.Debug|Any CPU.ActiveCfg = Debug|Any CPU
		{03C49521-CD1A-47A1-ACA4-8EA1D56B0A85}.Debug|Any CPU.Build.0 = Debug|Any CPU
		{03C49521-CD1A-47A1-ACA4-8EA1D56B0A85}.Release|Any CPU.ActiveCfg = Release|Any CPU
		{03C49521-CD1A-47A1-ACA4-8EA1D56B0A85}.Release|Any CPU.Build.0 = Release|Any CPU
		{A67F8DF7-E02F-42B0-B78C-DE8987B4B7E7}.Debug|Any CPU.ActiveCfg = Debug|Any CPU
		{A67F8DF7-E02F-42B0-B78C-DE8987B4B7E7}.Debug|Any CPU.Build.0 = Debug|Any CPU
		{A67F8DF7-E02F-42B0-B78C-DE8987B4B7E7}.Release|Any CPU.ActiveCfg = Release|Any CPU
		{A67F8DF7-E02F-42B0-B78C-DE8987B4B7E7}.Release|Any CPU.Build.0 = Release|Any CPU
		{15C52622-9C4A-4B8B-B532-8F883F922D67}.Debug|Any CPU.ActiveCfg = Debug|Any CPU
		{15C52622-9C4A-4B8B-B532-8F883F922D67}.Debug|Any CPU.Build.0 = Debug|Any CPU
		{15C52622-9C4A-4B8B-B532-8F883F922D67}.Release|Any CPU.ActiveCfg = Release|Any CPU
		{15C52622-9C4A-4B8B-B532-8F883F922D67}.Release|Any CPU.Build.0 = Release|Any CPU
		{7015F5DB-161E-4EDE-BFB8-4297BB851176}.Debug|Any CPU.ActiveCfg = Debug|Any CPU
		{7015F5DB-161E-4EDE-BFB8-4297BB851176}.Debug|Any CPU.Build.0 = Debug|Any CPU
		{7015F5DB-161E-4EDE-BFB8-4297BB851176}.Release|Any CPU.ActiveCfg = Release|Any CPU
		{7015F5DB-161E-4EDE-BFB8-4297BB851176}.Release|Any CPU.Build.0 = Release|Any CPU
		{9032E9EA-8715-44BB-8F36-C202D3E681B8}.Debug|Any CPU.ActiveCfg = Debug|Any CPU
		{9032E9EA-8715-44BB-8F36-C202D3E681B8}.Debug|Any CPU.Build.0 = Debug|Any CPU
		{9032E9EA-8715-44BB-8F36-C202D3E681B8}.Release|Any CPU.ActiveCfg = Release|Any CPU
		{9032E9EA-8715-44BB-8F36-C202D3E681B8}.Release|Any CPU.Build.0 = Release|Any CPU
		{95AB7D37-7887-4BE6-944A-9C7496DDB1A9}.Debug|Any CPU.ActiveCfg = Debug|Any CPU
		{95AB7D37-7887-4BE6-944A-9C7496DDB1A9}.Debug|Any CPU.Build.0 = Debug|Any CPU
		{95AB7D37-7887-4BE6-944A-9C7496DDB1A9}.Release|Any CPU.ActiveCfg = Release|Any CPU
		{95AB7D37-7887-4BE6-944A-9C7496DDB1A9}.Release|Any CPU.Build.0 = Release|Any CPU
		{9D406B88-F707-4463-AA6F-D0D0D8A9657D}.Debug|Any CPU.ActiveCfg = Debug|Any CPU
		{9D406B88-F707-4463-AA6F-D0D0D8A9657D}.Debug|Any CPU.Build.0 = Debug|Any CPU
		{9D406B88-F707-4463-AA6F-D0D0D8A9657D}.Release|Any CPU.ActiveCfg = Release|Any CPU
		{9D406B88-F707-4463-AA6F-D0D0D8A9657D}.Release|Any CPU.Build.0 = Release|Any CPU
		{540C17F8-5DAA-4F29-8CE2-EBED9C9D25AC}.Debug|Any CPU.ActiveCfg = Debug|Any CPU
		{540C17F8-5DAA-4F29-8CE2-EBED9C9D25AC}.Debug|Any CPU.Build.0 = Debug|Any CPU
		{540C17F8-5DAA-4F29-8CE2-EBED9C9D25AC}.Release|Any CPU.ActiveCfg = Release|Any CPU
		{540C17F8-5DAA-4F29-8CE2-EBED9C9D25AC}.Release|Any CPU.Build.0 = Release|Any CPU
		{D4722464-757C-42DB-A0F5-555B33242C86}.Debug|Any CPU.ActiveCfg = Debug|Any CPU
		{D4722464-757C-42DB-A0F5-555B33242C86}.Debug|Any CPU.Build.0 = Debug|Any CPU
		{D4722464-757C-42DB-A0F5-555B33242C86}.Release|Any CPU.ActiveCfg = Release|Any CPU
		{D4722464-757C-42DB-A0F5-555B33242C86}.Release|Any CPU.Build.0 = Release|Any CPU
		{9AED2734-266B-41FD-B3F6-925F36D03F9B}.Debug|Any CPU.ActiveCfg = Debug|Any CPU
		{9AED2734-266B-41FD-B3F6-925F36D03F9B}.Debug|Any CPU.Build.0 = Debug|Any CPU
		{9AED2734-266B-41FD-B3F6-925F36D03F9B}.Release|Any CPU.ActiveCfg = Release|Any CPU
		{9AED2734-266B-41FD-B3F6-925F36D03F9B}.Release|Any CPU.Build.0 = Release|Any CPU
	EndGlobalSection
	GlobalSection(SolutionProperties) = preSolution
		HideSolutionNode = FALSE
	EndGlobalSection
	GlobalSection(ExtensibilityGlobals) = postSolution
		SolutionGuid = {D923927D-FE3E-439D-B80F-5748FCD3899B}
	EndGlobalSection
EndGlobal
