
Microsoft Visual Studio Solution File, Format Version 12.00
# Visual Studio Version 16
VisualStudioVersion = 16.0.30804.86
MinimumVisualStudioVersion = 10.0.40219.1
Project("{FAE04EC0-301F-11D3-BF4B-00C04F79EFBC}") = "Ex1", "Ex1\Ex1.csproj", "{01DDB8C8-B0C9-4A20-BBC3-4184C1CE3347}"
EndProject
Project("{FAE04EC0-301F-11D3-BF4B-00C04F79EFBC}") = "Ex2", "Ex2\Ex2.csproj", "{4843FB0D-C253-4E08-ACA0-08921B87C797}"
EndProject
Project("{FAE04EC0-301F-11D3-BF4B-00C04F79EFBC}") = "Ex3", "Ex3\Ex3.csproj", "{E197F9F1-77C9-4F84-B61A-E1461DB46AE6}"
EndProject
Project("{FAE04EC0-301F-11D3-BF4B-00C04F79EFBC}") = "Ex4", "Ex4\Ex4.csproj", "{4E2E0394-5304-4722-9A96-70BE8C5C0C04}"
EndProject
Project("{FAE04EC0-301F-11D3-BF4B-00C04F79EFBC}") = "Ex5", "Ex5\Ex5.csproj", "{E9A0F15A-F7AF-4A2B-BD58-856B8806541D}"
EndProject
Project("{FAE04EC0-301F-11D3-BF4B-00C04F79EFBC}") = "Ex6", "Ex6\Ex6.csproj", "{5C6AEB0F-6244-4228-918C-34A3D2864A02}"
EndProject
Project("{FAE04EC0-301F-11D3-BF4B-00C04F79EFBC}") = "Ex7", "Ex7\Ex7.csproj", "{B0559700-781A-4B05-8379-5F12B6474ECB}"
EndProject
Project("{FAE04EC0-301F-11D3-BF4B-00C04F79EFBC}") = "Ex8", "Ex8\Ex8.csproj", "{A94AB1E7-36BB-4813-870A-9E1782E67AA5}"
EndProject
Project("{FAE04EC0-301F-11D3-BF4B-00C04F79EFBC}") = "Ex10", "Ex10\Ex10.csproj", "{7E32FDA0-5DFB-428E-BD2D-64ADD12AB6AD}"
EndProject
Project("{FAE04EC0-301F-11D3-BF4B-00C04F79EFBC}") = "Ex9", "Ex9\Ex9.csproj", "{A548A623-67EB-48DE-AED1-D8FF2555D381}"
EndProject
Project("{FAE04EC0-301F-11D3-BF4B-00C04F79EFBC}") = "Ex11", "Ex11\Ex11.csproj", "{83F026B6-6C14-4781-A3EA-31F2D6B0720C}"
EndProject
Project("{FAE04EC0-301F-11D3-BF4B-00C04F79EFBC}") = "Ex12", "Ex12\Ex12.csproj", "{8BB9EDEB-CEDF-43ED-A949-D1DCBF7576D4}"
EndProject
Project("{FAE04EC0-301F-11D3-BF4B-00C04F79EFBC}") = "Ex13", "Ex13\Ex13.csproj", "{4B57FE10-BCFA-4476-83EA-2BC2AD87DC74}"
EndProject
Project("{FAE04EC0-301F-11D3-BF4B-00C04F79EFBC}") = "Ex14", "Ex14\Ex14.csproj", "{3141F991-D3AD-40F9-940F-29F80444A1A2}"
EndProject
Project("{FAE04EC0-301F-11D3-BF4B-00C04F79EFBC}") = "Ex15", "Ex15\Ex15.csproj", "{75E9D323-13E8-4082-B120-611DBC096DFB}"
EndProject
Project("{FAE04EC0-301F-11D3-BF4B-00C04F79EFBC}") = "Ex16", "Ex16\Ex16.csproj", "{9E27E085-1F69-4782-AE2B-7B16774778B0}"
EndProject
Project("{FAE04EC0-301F-11D3-BF4B-00C04F79EFBC}") = "Ex17", "Ex17\Ex17.csproj", "{E1CE0AE5-1A7E-4AD4-B539-30E6A6A1740B}"
EndProject
Project("{FAE04EC0-301F-11D3-BF4B-00C04F79EFBC}") = "Ex18", "Ex18\Ex18.csproj", "{954600B5-74F7-44FC-8655-B32B1BDDD434}"
EndProject
Project("{FAE04EC0-301F-11D3-BF4B-00C04F79EFBC}") = "Ex19", "Ex19\Ex19.csproj", "{98AF942C-4740-452A-9E41-01CA016E48E2}"
EndProject
Global
	GlobalSection(SolutionConfigurationPlatforms) = preSolution
		Debug|Any CPU = Debug|Any CPU
		Release|Any CPU = Release|Any CPU
	EndGlobalSection
	GlobalSection(ProjectConfigurationPlatforms) = postSolution
		{01DDB8C8-B0C9-4A20-BBC3-4184C1CE3347}.Debug|Any CPU.ActiveCfg = Debug|Any CPU
		{01DDB8C8-B0C9-4A20-BBC3-4184C1CE3347}.Debug|Any CPU.Build.0 = Debug|Any CPU
		{01DDB8C8-B0C9-4A20-BBC3-4184C1CE3347}.Release|Any CPU.ActiveCfg = Release|Any CPU
		{01DDB8C8-B0C9-4A20-BBC3-4184C1CE3347}.Release|Any CPU.Build.0 = Release|Any CPU
		{4843FB0D-C253-4E08-ACA0-08921B87C797}.Debug|Any CPU.ActiveCfg = Debug|Any CPU
		{4843FB0D-C253-4E08-ACA0-08921B87C797}.Debug|Any CPU.Build.0 = Debug|Any CPU
		{4843FB0D-C253-4E08-ACA0-08921B87C797}.Release|Any CPU.ActiveCfg = Release|Any CPU
		{4843FB0D-C253-4E08-ACA0-08921B87C797}.Release|Any CPU.Build.0 = Release|Any CPU
		{E197F9F1-77C9-4F84-B61A-E1461DB46AE6}.Debug|Any CPU.ActiveCfg = Debug|Any CPU
		{E197F9F1-77C9-4F84-B61A-E1461DB46AE6}.Debug|Any CPU.Build.0 = Debug|Any CPU
		{E197F9F1-77C9-4F84-B61A-E1461DB46AE6}.Release|Any CPU.ActiveCfg = Release|Any CPU
		{E197F9F1-77C9-4F84-B61A-E1461DB46AE6}.Release|Any CPU.Build.0 = Release|Any CPU
		{4E2E0394-5304-4722-9A96-70BE8C5C0C04}.Debug|Any CPU.ActiveCfg = Debug|Any CPU
		{4E2E0394-5304-4722-9A96-70BE8C5C0C04}.Debug|Any CPU.Build.0 = Debug|Any CPU
		{4E2E0394-5304-4722-9A96-70BE8C5C0C04}.Release|Any CPU.ActiveCfg = Release|Any CPU
		{4E2E0394-5304-4722-9A96-70BE8C5C0C04}.Release|Any CPU.Build.0 = Release|Any CPU
		{E9A0F15A-F7AF-4A2B-BD58-856B8806541D}.Debug|Any CPU.ActiveCfg = Debug|Any CPU
		{E9A0F15A-F7AF-4A2B-BD58-856B8806541D}.Debug|Any CPU.Build.0 = Debug|Any CPU
		{E9A0F15A-F7AF-4A2B-BD58-856B8806541D}.Release|Any CPU.ActiveCfg = Release|Any CPU
		{E9A0F15A-F7AF-4A2B-BD58-856B8806541D}.Release|Any CPU.Build.0 = Release|Any CPU
		{5C6AEB0F-6244-4228-918C-34A3D2864A02}.Debug|Any CPU.ActiveCfg = Debug|Any CPU
		{5C6AEB0F-6244-4228-918C-34A3D2864A02}.Debug|Any CPU.Build.0 = Debug|Any CPU
		{5C6AEB0F-6244-4228-918C-34A3D2864A02}.Release|Any CPU.ActiveCfg = Release|Any CPU
		{5C6AEB0F-6244-4228-918C-34A3D2864A02}.Release|Any CPU.Build.0 = Release|Any CPU
		{B0559700-781A-4B05-8379-5F12B6474ECB}.Debug|Any CPU.ActiveCfg = Debug|Any CPU
		{B0559700-781A-4B05-8379-5F12B6474ECB}.Debug|Any CPU.Build.0 = Debug|Any CPU
		{B0559700-781A-4B05-8379-5F12B6474ECB}.Release|Any CPU.ActiveCfg = Release|Any CPU
		{B0559700-781A-4B05-8379-5F12B6474ECB}.Release|Any CPU.Build.0 = Release|Any CPU
		{A94AB1E7-36BB-4813-870A-9E1782E67AA5}.Debug|Any CPU.ActiveCfg = Debug|Any CPU
		{A94AB1E7-36BB-4813-870A-9E1782E67AA5}.Debug|Any CPU.Build.0 = Debug|Any CPU
		{A94AB1E7-36BB-4813-870A-9E1782E67AA5}.Release|Any CPU.ActiveCfg = Release|Any CPU
		{A94AB1E7-36BB-4813-870A-9E1782E67AA5}.Release|Any CPU.Build.0 = Release|Any CPU
		{7E32FDA0-5DFB-428E-BD2D-64ADD12AB6AD}.Debug|Any CPU.ActiveCfg = Debug|Any CPU
		{7E32FDA0-5DFB-428E-BD2D-64ADD12AB6AD}.Debug|Any CPU.Build.0 = Debug|Any CPU
		{7E32FDA0-5DFB-428E-BD2D-64ADD12AB6AD}.Release|Any CPU.ActiveCfg = Release|Any CPU
		{7E32FDA0-5DFB-428E-BD2D-64ADD12AB6AD}.Release|Any CPU.Build.0 = Release|Any CPU
		{A548A623-67EB-48DE-AED1-D8FF2555D381}.Debug|Any CPU.ActiveCfg = Debug|Any CPU
		{A548A623-67EB-48DE-AED1-D8FF2555D381}.Debug|Any CPU.Build.0 = Debug|Any CPU
		{A548A623-67EB-48DE-AED1-D8FF2555D381}.Release|Any CPU.ActiveCfg = Release|Any CPU
		{A548A623-67EB-48DE-AED1-D8FF2555D381}.Release|Any CPU.Build.0 = Release|Any CPU
		{83F026B6-6C14-4781-A3EA-31F2D6B0720C}.Debug|Any CPU.ActiveCfg = Debug|Any CPU
		{83F026B6-6C14-4781-A3EA-31F2D6B0720C}.Debug|Any CPU.Build.0 = Debug|Any CPU
		{83F026B6-6C14-4781-A3EA-31F2D6B0720C}.Release|Any CPU.ActiveCfg = Release|Any CPU
		{83F026B6-6C14-4781-A3EA-31F2D6B0720C}.Release|Any CPU.Build.0 = Release|Any CPU
		{8BB9EDEB-CEDF-43ED-A949-D1DCBF7576D4}.Debug|Any CPU.ActiveCfg = Debug|Any CPU
		{8BB9EDEB-CEDF-43ED-A949-D1DCBF7576D4}.Debug|Any CPU.Build.0 = Debug|Any CPU
		{8BB9EDEB-CEDF-43ED-A949-D1DCBF7576D4}.Release|Any CPU.ActiveCfg = Release|Any CPU
		{8BB9EDEB-CEDF-43ED-A949-D1DCBF7576D4}.Release|Any CPU.Build.0 = Release|Any CPU
		{4B57FE10-BCFA-4476-83EA-2BC2AD87DC74}.Debug|Any CPU.ActiveCfg = Debug|Any CPU
		{4B57FE10-BCFA-4476-83EA-2BC2AD87DC74}.Debug|Any CPU.Build.0 = Debug|Any CPU
		{4B57FE10-BCFA-4476-83EA-2BC2AD87DC74}.Release|Any CPU.ActiveCfg = Release|Any CPU
		{4B57FE10-BCFA-4476-83EA-2BC2AD87DC74}.Release|Any CPU.Build.0 = Release|Any CPU
		{3141F991-D3AD-40F9-940F-29F80444A1A2}.Debug|Any CPU.ActiveCfg = Debug|Any CPU
		{3141F991-D3AD-40F9-940F-29F80444A1A2}.Debug|Any CPU.Build.0 = Debug|Any CPU
		{3141F991-D3AD-40F9-940F-29F80444A1A2}.Release|Any CPU.ActiveCfg = Release|Any CPU
		{3141F991-D3AD-40F9-940F-29F80444A1A2}.Release|Any CPU.Build.0 = Release|Any CPU
		{75E9D323-13E8-4082-B120-611DBC096DFB}.Debug|Any CPU.ActiveCfg = Debug|Any CPU
		{75E9D323-13E8-4082-B120-611DBC096DFB}.Debug|Any CPU.Build.0 = Debug|Any CPU
		{75E9D323-13E8-4082-B120-611DBC096DFB}.Release|Any CPU.ActiveCfg = Release|Any CPU
		{75E9D323-13E8-4082-B120-611DBC096DFB}.Release|Any CPU.Build.0 = Release|Any CPU
		{9E27E085-1F69-4782-AE2B-7B16774778B0}.Debug|Any CPU.ActiveCfg = Debug|Any CPU
		{9E27E085-1F69-4782-AE2B-7B16774778B0}.Debug|Any CPU.Build.0 = Debug|Any CPU
		{9E27E085-1F69-4782-AE2B-7B16774778B0}.Release|Any CPU.ActiveCfg = Release|Any CPU
		{9E27E085-1F69-4782-AE2B-7B16774778B0}.Release|Any CPU.Build.0 = Release|Any CPU
		{E1CE0AE5-1A7E-4AD4-B539-30E6A6A1740B}.Debug|Any CPU.ActiveCfg = Debug|Any CPU
		{E1CE0AE5-1A7E-4AD4-B539-30E6A6A1740B}.Debug|Any CPU.Build.0 = Debug|Any CPU
		{E1CE0AE5-1A7E-4AD4-B539-30E6A6A1740B}.Release|Any CPU.ActiveCfg = Release|Any CPU
		{E1CE0AE5-1A7E-4AD4-B539-30E6A6A1740B}.Release|Any CPU.Build.0 = Release|Any CPU
		{954600B5-74F7-44FC-8655-B32B1BDDD434}.Debug|Any CPU.ActiveCfg = Debug|Any CPU
		{954600B5-74F7-44FC-8655-B32B1BDDD434}.Debug|Any CPU.Build.0 = Debug|Any CPU
		{954600B5-74F7-44FC-8655-B32B1BDDD434}.Release|Any CPU.ActiveCfg = Release|Any CPU
		{954600B5-74F7-44FC-8655-B32B1BDDD434}.Release|Any CPU.Build.0 = Release|Any CPU
		{98AF942C-4740-452A-9E41-01CA016E48E2}.Debug|Any CPU.ActiveCfg = Debug|Any CPU
		{98AF942C-4740-452A-9E41-01CA016E48E2}.Debug|Any CPU.Build.0 = Debug|Any CPU
		{98AF942C-4740-452A-9E41-01CA016E48E2}.Release|Any CPU.ActiveCfg = Release|Any CPU
		{98AF942C-4740-452A-9E41-01CA016E48E2}.Release|Any CPU.Build.0 = Release|Any CPU
	EndGlobalSection
	GlobalSection(SolutionProperties) = preSolution
		HideSolutionNode = FALSE
	EndGlobalSection
	GlobalSection(ExtensibilityGlobals) = postSolution
		SolutionGuid = {09294CFC-4677-4C35-A813-8C686697EF7F}
	EndGlobalSection
EndGlobal
