
Microsoft Visual Studio Solution File, Format Version 12.00
# Visual Studio Version 16
VisualStudioVersion = 16.0.30804.86
MinimumVisualStudioVersion = 10.0.40219.1
Project("{FAE04EC0-301F-11D3-BF4B-00C04F79EFBC}") = "Ex1", "Ex1\Ex1.csproj", "{EA3C0BBC-CF90-4BB9-A75E-8FD9D5E2E0BD}"
EndProject
Project("{FAE04EC0-301F-11D3-BF4B-00C04F79EFBC}") = "Ex2", "Ex2\Ex2.csproj", "{23BBFC9B-BBA0-49B1-9F8E-D882EFFB8DC1}"
EndProject
Project("{FAE04EC0-301F-11D3-BF4B-00C04F79EFBC}") = "Ex3", "Ex3\Ex3.csproj", "{FDEF1AB7-7959-4CF6-88CF-13F810543239}"
EndProject
Project("{FAE04EC0-301F-11D3-BF4B-00C04F79EFBC}") = "Ex4", "Ex4\Ex4.csproj", "{A3C611E8-C09B-4D80-AD0D-C3915804F534}"
EndProject
Project("{FAE04EC0-301F-11D3-BF4B-00C04F79EFBC}") = "Ex5", "Ex5\Ex5.csproj", "{66ABCDBD-AA26-4B0D-BB83-327BCA899B3C}"
EndProject
Project("{FAE04EC0-301F-11D3-BF4B-00C04F79EFBC}") = "Ex6", "Ex6\Ex6.csproj", "{C9FC6206-8248-4496-A527-F99BC07577D2}"
EndProject
Project("{FAE04EC0-301F-11D3-BF4B-00C04F79EFBC}") = "Ex7", "Ex7\Ex7.csproj", "{CBE9EDD9-E06A-46FF-B1B9-7B28F195B2B1}"
EndProject
Project("{FAE04EC0-301F-11D3-BF4B-00C04F79EFBC}") = "Ex8", "Ex8\Ex8.csproj", "{F17B4579-6952-4CBE-8CE7-CB48B8116908}"
EndProject
Project("{FAE04EC0-301F-11D3-BF4B-00C04F79EFBC}") = "Ex9", "Ex9\Ex9.csproj", "{8192FE26-BAA5-4DA5-8D9B-C8DAE333CBA2}"
EndProject
Project("{FAE04EC0-301F-11D3-BF4B-00C04F79EFBC}") = "Ex10", "Ex10\Ex10.csproj", "{574BEF51-2078-45C9-A94F-540883019197}"
EndProject
Project("{FAE04EC0-301F-11D3-BF4B-00C04F79EFBC}") = "Ex11", "Ex11\Ex11.csproj", "{83826D90-0536-4C08-9421-A0DBD7830DC5}"
EndProject
Project("{FAE04EC0-301F-11D3-BF4B-00C04F79EFBC}") = "Ex12", "Ex12\Ex12.csproj", "{2CE3237A-9534-45AD-BED5-3DA92ADDEDE1}"
EndProject
Project("{FAE04EC0-301F-11D3-BF4B-00C04F79EFBC}") = "Ex13", "Ex13\Ex13.csproj", "{45187570-F89C-4457-9A18-ACC422A96852}"
EndProject
Project("{FAE04EC0-301F-11D3-BF4B-00C04F79EFBC}") = "Ex14", "Ex14\Ex14.csproj", "{9167AEB0-23F6-4F45-91E6-C44DFA8E2CC7}"
EndProject
Project("{FAE04EC0-301F-11D3-BF4B-00C04F79EFBC}") = "Ex15", "Ex15\Ex15.csproj", "{60115F50-6CC4-4F92-BB1F-69222068D66F}"
EndProject
Project("{FAE04EC0-301F-11D3-BF4B-00C04F79EFBC}") = "Ex16", "Ex16\Ex16.csproj", "{97020FDD-8E07-493D-ABA2-67C26F66E83E}"
EndProject
Project("{FAE04EC0-301F-11D3-BF4B-00C04F79EFBC}") = "Ex17", "Ex17\Ex17.csproj", "{905F561F-1CF2-43C4-8DF8-658D5FB9055A}"
EndProject
Project("{FAE04EC0-301F-11D3-BF4B-00C04F79EFBC}") = "Ex18", "Ex18\Ex18.csproj", "{A3275A4D-39D7-411C-AB3B-90FBC23F9B79}"
EndProject
Project("{FAE04EC0-301F-11D3-BF4B-00C04F79EFBC}") = "Ex19", "Ex19\Ex19.csproj", "{B8235CD0-E13F-4C90-89EF-A16976115857}"
EndProject
Project("{FAE04EC0-301F-11D3-BF4B-00C04F79EFBC}") = "Ex20", "Ex20\Ex20.csproj", "{BDF01CE9-F3D0-43B2-9A2C-B0E3C0E8BAB2}"
EndProject
Project("{FAE04EC0-301F-11D3-BF4B-00C04F79EFBC}") = "Ex21", "Ex21\Ex21.csproj", "{188C8EDB-7E02-4C77-B9BE-452D3BFADA80}"
EndProject
Project("{FAE04EC0-301F-11D3-BF4B-00C04F79EFBC}") = "Ex22", "Ex22\Ex22.csproj", "{28992CFC-26A5-45A4-95F8-4FC4F05DABB8}"
EndProject
Project("{FAE04EC0-301F-11D3-BF4B-00C04F79EFBC}") = "Ex23", "Ex23\Ex23.csproj", "{646F4454-190F-43DA-BEF3-4F750E24F0EF}"
EndProject
Project("{FAE04EC0-301F-11D3-BF4B-00C04F79EFBC}") = "Ex24", "Ex24\Ex24.csproj", "{862106FA-387B-4697-8C87-95D13ABE86E1}"
EndProject
Global
	GlobalSection(SolutionConfigurationPlatforms) = preSolution
		Debug|Any CPU = Debug|Any CPU
		Release|Any CPU = Release|Any CPU
	EndGlobalSection
	GlobalSection(ProjectConfigurationPlatforms) = postSolution
		{EA3C0BBC-CF90-4BB9-A75E-8FD9D5E2E0BD}.Debug|Any CPU.ActiveCfg = Debug|Any CPU
		{EA3C0BBC-CF90-4BB9-A75E-8FD9D5E2E0BD}.Debug|Any CPU.Build.0 = Debug|Any CPU
		{EA3C0BBC-CF90-4BB9-A75E-8FD9D5E2E0BD}.Release|Any CPU.ActiveCfg = Release|Any CPU
		{EA3C0BBC-CF90-4BB9-A75E-8FD9D5E2E0BD}.Release|Any CPU.Build.0 = Release|Any CPU
		{23BBFC9B-BBA0-49B1-9F8E-D882EFFB8DC1}.Debug|Any CPU.ActiveCfg = Debug|Any CPU
		{23BBFC9B-BBA0-49B1-9F8E-D882EFFB8DC1}.Debug|Any CPU.Build.0 = Debug|Any CPU
		{23BBFC9B-BBA0-49B1-9F8E-D882EFFB8DC1}.Release|Any CPU.ActiveCfg = Release|Any CPU
		{23BBFC9B-BBA0-49B1-9F8E-D882EFFB8DC1}.Release|Any CPU.Build.0 = Release|Any CPU
		{FDEF1AB7-7959-4CF6-88CF-13F810543239}.Debug|Any CPU.ActiveCfg = Debug|Any CPU
		{FDEF1AB7-7959-4CF6-88CF-13F810543239}.Debug|Any CPU.Build.0 = Debug|Any CPU
		{FDEF1AB7-7959-4CF6-88CF-13F810543239}.Release|Any CPU.ActiveCfg = Release|Any CPU
		{FDEF1AB7-7959-4CF6-88CF-13F810543239}.Release|Any CPU.Build.0 = Release|Any CPU
		{A3C611E8-C09B-4D80-AD0D-C3915804F534}.Debug|Any CPU.ActiveCfg = Debug|Any CPU
		{A3C611E8-C09B-4D80-AD0D-C3915804F534}.Debug|Any CPU.Build.0 = Debug|Any CPU
		{A3C611E8-C09B-4D80-AD0D-C3915804F534}.Release|Any CPU.ActiveCfg = Release|Any CPU
		{A3C611E8-C09B-4D80-AD0D-C3915804F534}.Release|Any CPU.Build.0 = Release|Any CPU
		{66ABCDBD-AA26-4B0D-BB83-327BCA899B3C}.Debug|Any CPU.ActiveCfg = Debug|Any CPU
		{66ABCDBD-AA26-4B0D-BB83-327BCA899B3C}.Debug|Any CPU.Build.0 = Debug|Any CPU
		{66ABCDBD-AA26-4B0D-BB83-327BCA899B3C}.Release|Any CPU.ActiveCfg = Release|Any CPU
		{66ABCDBD-AA26-4B0D-BB83-327BCA899B3C}.Release|Any CPU.Build.0 = Release|Any CPU
		{C9FC6206-8248-4496-A527-F99BC07577D2}.Debug|Any CPU.ActiveCfg = Debug|Any CPU
		{C9FC6206-8248-4496-A527-F99BC07577D2}.Debug|Any CPU.Build.0 = Debug|Any CPU
		{C9FC6206-8248-4496-A527-F99BC07577D2}.Release|Any CPU.ActiveCfg = Release|Any CPU
		{C9FC6206-8248-4496-A527-F99BC07577D2}.Release|Any CPU.Build.0 = Release|Any CPU
		{CBE9EDD9-E06A-46FF-B1B9-7B28F195B2B1}.Debug|Any CPU.ActiveCfg = Debug|Any CPU
		{CBE9EDD9-E06A-46FF-B1B9-7B28F195B2B1}.Debug|Any CPU.Build.0 = Debug|Any CPU
		{CBE9EDD9-E06A-46FF-B1B9-7B28F195B2B1}.Release|Any CPU.ActiveCfg = Release|Any CPU
		{CBE9EDD9-E06A-46FF-B1B9-7B28F195B2B1}.Release|Any CPU.Build.0 = Release|Any CPU
		{F17B4579-6952-4CBE-8CE7-CB48B8116908}.Debug|Any CPU.ActiveCfg = Debug|Any CPU
		{F17B4579-6952-4CBE-8CE7-CB48B8116908}.Debug|Any CPU.Build.0 = Debug|Any CPU
		{F17B4579-6952-4CBE-8CE7-CB48B8116908}.Release|Any CPU.ActiveCfg = Release|Any CPU
		{F17B4579-6952-4CBE-8CE7-CB48B8116908}.Release|Any CPU.Build.0 = Release|Any CPU
		{8192FE26-BAA5-4DA5-8D9B-C8DAE333CBA2}.Debug|Any CPU.ActiveCfg = Debug|Any CPU
		{8192FE26-BAA5-4DA5-8D9B-C8DAE333CBA2}.Debug|Any CPU.Build.0 = Debug|Any CPU
		{8192FE26-BAA5-4DA5-8D9B-C8DAE333CBA2}.Release|Any CPU.ActiveCfg = Release|Any CPU
		{8192FE26-BAA5-4DA5-8D9B-C8DAE333CBA2}.Release|Any CPU.Build.0 = Release|Any CPU
		{574BEF51-2078-45C9-A94F-540883019197}.Debug|Any CPU.ActiveCfg = Debug|Any CPU
		{574BEF51-2078-45C9-A94F-540883019197}.Debug|Any CPU.Build.0 = Debug|Any CPU
		{574BEF51-2078-45C9-A94F-540883019197}.Release|Any CPU.ActiveCfg = Release|Any CPU
		{574BEF51-2078-45C9-A94F-540883019197}.Release|Any CPU.Build.0 = Release|Any CPU
		{83826D90-0536-4C08-9421-A0DBD7830DC5}.Debug|Any CPU.ActiveCfg = Debug|Any CPU
		{83826D90-0536-4C08-9421-A0DBD7830DC5}.Debug|Any CPU.Build.0 = Debug|Any CPU
		{83826D90-0536-4C08-9421-A0DBD7830DC5}.Release|Any CPU.ActiveCfg = Release|Any CPU
		{83826D90-0536-4C08-9421-A0DBD7830DC5}.Release|Any CPU.Build.0 = Release|Any CPU
		{2CE3237A-9534-45AD-BED5-3DA92ADDEDE1}.Debug|Any CPU.ActiveCfg = Debug|Any CPU
		{2CE3237A-9534-45AD-BED5-3DA92ADDEDE1}.Debug|Any CPU.Build.0 = Debug|Any CPU
		{2CE3237A-9534-45AD-BED5-3DA92ADDEDE1}.Release|Any CPU.ActiveCfg = Release|Any CPU
		{2CE3237A-9534-45AD-BED5-3DA92ADDEDE1}.Release|Any CPU.Build.0 = Release|Any CPU
		{45187570-F89C-4457-9A18-ACC422A96852}.Debug|Any CPU.ActiveCfg = Debug|Any CPU
		{45187570-F89C-4457-9A18-ACC422A96852}.Debug|Any CPU.Build.0 = Debug|Any CPU
		{45187570-F89C-4457-9A18-ACC422A96852}.Release|Any CPU.ActiveCfg = Release|Any CPU
		{45187570-F89C-4457-9A18-ACC422A96852}.Release|Any CPU.Build.0 = Release|Any CPU
		{9167AEB0-23F6-4F45-91E6-C44DFA8E2CC7}.Debug|Any CPU.ActiveCfg = Debug|Any CPU
		{9167AEB0-23F6-4F45-91E6-C44DFA8E2CC7}.Debug|Any CPU.Build.0 = Debug|Any CPU
		{9167AEB0-23F6-4F45-91E6-C44DFA8E2CC7}.Release|Any CPU.ActiveCfg = Release|Any CPU
		{9167AEB0-23F6-4F45-91E6-C44DFA8E2CC7}.Release|Any CPU.Build.0 = Release|Any CPU
		{60115F50-6CC4-4F92-BB1F-69222068D66F}.Debug|Any CPU.ActiveCfg = Debug|Any CPU
		{60115F50-6CC4-4F92-BB1F-69222068D66F}.Debug|Any CPU.Build.0 = Debug|Any CPU
		{60115F50-6CC4-4F92-BB1F-69222068D66F}.Release|Any CPU.ActiveCfg = Release|Any CPU
		{60115F50-6CC4-4F92-BB1F-69222068D66F}.Release|Any CPU.Build.0 = Release|Any CPU
		{97020FDD-8E07-493D-ABA2-67C26F66E83E}.Debug|Any CPU.ActiveCfg = Debug|Any CPU
		{97020FDD-8E07-493D-ABA2-67C26F66E83E}.Debug|Any CPU.Build.0 = Debug|Any CPU
		{97020FDD-8E07-493D-ABA2-67C26F66E83E}.Release|Any CPU.ActiveCfg = Release|Any CPU
		{97020FDD-8E07-493D-ABA2-67C26F66E83E}.Release|Any CPU.Build.0 = Release|Any CPU
		{905F561F-1CF2-43C4-8DF8-658D5FB9055A}.Debug|Any CPU.ActiveCfg = Debug|Any CPU
		{905F561F-1CF2-43C4-8DF8-658D5FB9055A}.Debug|Any CPU.Build.0 = Debug|Any CPU
		{905F561F-1CF2-43C4-8DF8-658D5FB9055A}.Release|Any CPU.ActiveCfg = Release|Any CPU
		{905F561F-1CF2-43C4-8DF8-658D5FB9055A}.Release|Any CPU.Build.0 = Release|Any CPU
		{A3275A4D-39D7-411C-AB3B-90FBC23F9B79}.Debug|Any CPU.ActiveCfg = Debug|Any CPU
		{A3275A4D-39D7-411C-AB3B-90FBC23F9B79}.Debug|Any CPU.Build.0 = Debug|Any CPU
		{A3275A4D-39D7-411C-AB3B-90FBC23F9B79}.Release|Any CPU.ActiveCfg = Release|Any CPU
		{A3275A4D-39D7-411C-AB3B-90FBC23F9B79}.Release|Any CPU.Build.0 = Release|Any CPU
		{B8235CD0-E13F-4C90-89EF-A16976115857}.Debug|Any CPU.ActiveCfg = Debug|Any CPU
		{B8235CD0-E13F-4C90-89EF-A16976115857}.Debug|Any CPU.Build.0 = Debug|Any CPU
		{B8235CD0-E13F-4C90-89EF-A16976115857}.Release|Any CPU.ActiveCfg = Release|Any CPU
		{B8235CD0-E13F-4C90-89EF-A16976115857}.Release|Any CPU.Build.0 = Release|Any CPU
		{BDF01CE9-F3D0-43B2-9A2C-B0E3C0E8BAB2}.Debug|Any CPU.ActiveCfg = Debug|Any CPU
		{BDF01CE9-F3D0-43B2-9A2C-B0E3C0E8BAB2}.Debug|Any CPU.Build.0 = Debug|Any CPU
		{BDF01CE9-F3D0-43B2-9A2C-B0E3C0E8BAB2}.Release|Any CPU.ActiveCfg = Release|Any CPU
		{BDF01CE9-F3D0-43B2-9A2C-B0E3C0E8BAB2}.Release|Any CPU.Build.0 = Release|Any CPU
		{188C8EDB-7E02-4C77-B9BE-452D3BFADA80}.Debug|Any CPU.ActiveCfg = Debug|Any CPU
		{188C8EDB-7E02-4C77-B9BE-452D3BFADA80}.Debug|Any CPU.Build.0 = Debug|Any CPU
		{188C8EDB-7E02-4C77-B9BE-452D3BFADA80}.Release|Any CPU.ActiveCfg = Release|Any CPU
		{188C8EDB-7E02-4C77-B9BE-452D3BFADA80}.Release|Any CPU.Build.0 = Release|Any CPU
		{28992CFC-26A5-45A4-95F8-4FC4F05DABB8}.Debug|Any CPU.ActiveCfg = Debug|Any CPU
		{28992CFC-26A5-45A4-95F8-4FC4F05DABB8}.Debug|Any CPU.Build.0 = Debug|Any CPU
		{28992CFC-26A5-45A4-95F8-4FC4F05DABB8}.Release|Any CPU.ActiveCfg = Release|Any CPU
		{28992CFC-26A5-45A4-95F8-4FC4F05DABB8}.Release|Any CPU.Build.0 = Release|Any CPU
		{646F4454-190F-43DA-BEF3-4F750E24F0EF}.Debug|Any CPU.ActiveCfg = Debug|Any CPU
		{646F4454-190F-43DA-BEF3-4F750E24F0EF}.Debug|Any CPU.Build.0 = Debug|Any CPU
		{646F4454-190F-43DA-BEF3-4F750E24F0EF}.Release|Any CPU.ActiveCfg = Release|Any CPU
		{646F4454-190F-43DA-BEF3-4F750E24F0EF}.Release|Any CPU.Build.0 = Release|Any CPU
		{862106FA-387B-4697-8C87-95D13ABE86E1}.Debug|Any CPU.ActiveCfg = Debug|Any CPU
		{862106FA-387B-4697-8C87-95D13ABE86E1}.Debug|Any CPU.Build.0 = Debug|Any CPU
		{862106FA-387B-4697-8C87-95D13ABE86E1}.Release|Any CPU.ActiveCfg = Release|Any CPU
		{862106FA-387B-4697-8C87-95D13ABE86E1}.Release|Any CPU.Build.0 = Release|Any CPU
	EndGlobalSection
	GlobalSection(SolutionProperties) = preSolution
		HideSolutionNode = FALSE
	EndGlobalSection
	GlobalSection(ExtensibilityGlobals) = postSolution
		SolutionGuid = {D5EDA3CE-01A7-412F-B76D-F541B7670EB5}
	EndGlobalSection
EndGlobal
